{
  "version": 4,
  "terraform_version": "1.8.5",
  "serial": 315,
  "lineage": "cfc8e559-ced1-3401-5a6c-1797cf733921",
  "outputs": {},
  "resources": [
    {
      "mode": "managed",
      "type": "alicloud_cs_managed_kubernetes",
      "name": "default",
      "provider": "provider[\"registry.terraform.io/hashicorp/alicloud\"]",
      "instances": [
        {
          "schema_version": 0,
          "attributes": {
            "addons": [
              {
                "config": "",
                "disabled": false,
                "name": "terway-eniip",
                "version": ""
              },
              {
                "config": "{\"IngressDashboardEnabled\":\"true\"}",
                "disabled": false,
                "name": "logtail-ds",
                "version": ""
              },
              {
                "config": "{\"IngressSlbNetworkType\":\"internet\"}",
                "disabled": false,
                "name": "nginx-ingress-controller",
                "version": ""
              },
              {
                "config": "",
                "disabled": false,
                "name": "arms-prometheus",
                "version": ""
              },
              {
                "config": "{\"sls_project_name\":\"\"}",
                "disabled": false,
                "name": "ack-node-problem-detector",
                "version": ""
              },
              {
                "config": "",
                "disabled": false,
                "name": "csi-plugin",
                "version": ""
              },
              {
                "config": "",
                "disabled": false,
                "name": "csi-provisioner",
                "version": ""
              }
            ],
            "api_audiences": null,
            "availability_zone": null,
            "certificate_authority": {
              "client_cert": "LS0tLS1CRUdJTiBDRVJUSUZJQ0FURS0tLS0tCk1JSUQyVENDQXNHZ0F3SUJBZ0lJQVBURTFnc0FBTUF3RFFZSktvWklodmNOQVFFTEJRQXdRREVSTUE4R0ExVUUKQ2hNSWFHRnVaM3BvYjNVeEZqQVVCZ05WQkFzVERXRnNhV0poWW1FZ1kyeHZkV1F4RXpBUkJnTlZCQU1UQ210MQpZbVZ5Ym1WMFpYTXdIaGNOTWpVd016RXlNRFkxT0RBd1doY05Namd3TXpFeE1EY3dNekkxV2pCS01SVXdFd1lEClZRUUtFd3h6ZVhOMFpXMDZkWE5sY25NeENUQUhCZ05WQkFzVEFERW1NQ1FHQTFVRUF4TWRNakV6T0RBMU5UUXgKTWpZd05UQTVNRFl5TFRFM05ERTNOak13TURVd2dnRWlNQTBHQ1NxR1NJYjNEUUVCQVFVQUE0SUJEd0F3Z2dFSwpBb0lCQVFEUHZSM3hDdWdnL1Q1VUM2bDAybUx0UDIwN1ZwakpBeVI4WnhMYUw1bEQ4MkxISjNIT2RQRFNxSWtrCjRRaXVrSVI5WVd4Mkl5bXlvOW9TSURsdzhCd2RZbzdKS1FlUnVYcjR0cGRaamQ4VzN0QThiU2puUWJjaGJoK2cKU3Qyb0RtTXJIVWJmSlQ2U3Y2c2NWcVQrR3V4OTEyVk5lKzZ3NE42WjMvMVRIQjR6REV6R3RHMVV6ZXA2QlNzRgpFNzRuTlQwQzhQNTBwQjFab2ZDQzVoM21ZSzA5NUZKMS9SODlSSEhzaHVHT1FJT2JuakZaRDF1R25JcU5kNy9vCkV6MUpLYlppWTZYZS9GNjBOTXNHaG9IcDMrSkdnMENPYmFoV2RpQTJXUzR6Y2t6bVVBTjZyekg0d3JkQWlvS2kKdE00MFpoR1hSN3hpaDJpYnk5MmpoY3hoRjFYL0FnTUJBQUdqZ2N3d2dja3dEZ1lEVlIwUEFRSC9CQVFEQWdlQQpNQk1HQTFVZEpRUU1NQW9HQ0NzR0FRVUZCd01DTUF3R0ExVWRFd0VCL3dRQ01BQXdId1lEVlIwakJCZ3dGb0FVCkJBbXFwOHhOTGw2NVpaSjR5SEpIZzhwWDFRWXdQQVlJS3dZQkJRVUhBUUVFTURBdU1Dd0dDQ3NHQVFVRkJ6QUIKaGlCb2RIUndPaTh2WTJWeWRITXVZV056TG1Gc2FYbDFiaTVqYjIwdmIyTnpjREExQmdOVkhSOEVMakFzTUNxZwpLS0FtaGlSb2RIUndPaTh2WTJWeWRITXVZV056TG1Gc2FYbDFiaTVqYjIwdmNtOXZkQzVqY213d0RRWUpLb1pJCmh2Y05BUUVMQlFBRGdnRUJBRGU2SldoUXh4VVJENGtaU1VWYzlQclBuNW1EbHkyQkttOGdZakcrM1Z4b2F5SXgKV1AyVnI0SHBPMDZmdkdJRXpLMENDUlZpeW5pWEVEaDBKL3JPdWJ5T0ZkTWw2THB0eFYzRGp1ZEtzN1l4Rmw0Qwo2NExUWEUzVSt4T1BuU1ZiMU0ra2VBM0dZdFBWRGxLRTBqSzRwQVVacmJhNkd5Zkkwd3JJeGZJL2Z4OWFrZVBuCjcwdnRLeXNSeDhybkoyZ2xkOUpPYkZiZllHWU1GUUpsS3MxY3dDSkVZMitzSXM4djVqaTdwd3N3clZCYkk5V20Ka2I4elVERnM3UGJ6MGNGQVdraGdVK3lMOGNMbklqRXJqWTNuN0ZFL2hJU2lsS28xMWhEMnh6eFBtWEdWQmlZMAo2Q0xydlA2WFB5clhZSms2SjIrLzRmUlIySGxDSXJSbWFPUVJhSzQ9Ci0tLS0tRU5EIENFUlRJRklDQVRFLS0tLS0K",
              "client_key": "LS0tLS1CRUdJTiBSU0EgUFJJVkFURSBLRVktLS0tLQpNSUlFb3dJQkFBS0NBUUVBejcwZDhRcm9JUDArVkF1cGROcGk3VDl0TzFhWXlRTWtmR2NTMmkrWlEvTml4eWR4CnpuVHcwcWlKSk9FSXJwQ0VmV0ZzZGlNcHNxUGFFaUE1Y1BBY0hXS095U2tIa2JsNitMYVhXWTNmRnQ3UVBHMG8KNTBHM0lXNGZvRXJkcUE1akt4MUczeVUra3IrckhGYWsvaHJzZmRkbFRYdnVzT0RlbWQvOVV4d2VNd3hNeHJSdApWTTNxZWdVckJSTytKelU5QXZEK2RLUWRXYUh3Z3VZZDVtQ3RQZVJTZGYwZlBVUng3SWJoamtDRG01NHhXUTliCmhweUtqWGUvNkJNOVNTbTJZbU9sM3Z4ZXREVExCb2FCNmQvaVJvTkFqbTJvVm5ZZ05sa3VNM0pNNWxBRGVxOHgKK01LM1FJcUNvclRPTkdZUmwwZThZb2RvbTh2ZG80WE1ZUmRWL3dJREFRQUJBb0lCQUR6bDU3MGR3V2JLVmxjMQpBL3dwZVE2cnBVM2IyUFkwWWFIR1paUm9sN2wvdzlrMkN2ckc5VUlML2dnOW45bnNxNnBGd1JId3hPeUZkQXdVClBrS0pZUFNNUytkVWk4K0FYRGhFN3FGbUlad0d2V3k1WTJCSHQzT3BZTVFRcm1IeHRjaVIwSkRoempJZTFmNTgKdCtsMTR4WVE2cldJT3pURzl2cU0yeXBkOTh4bXExaFdaVytWbjZtZCtjZ1JBS1RNT3oxTEw1ZEI0emxOVGV0TApyaHZPOHdOTXpmbk5qZllhRldsMVZEaXBPZ3pqT1dDZXhodWMzell5U2I0RlB1dTdEQWdXL1dOS0NHKytsVGxqCkdrVVQ5d016QjlvY2dJRGg5RGJiREtHMVI0dU81SGNtU3dHbCtIRTUrdkcwVHN6WUlLUjV5SWtLVGovMjlxZkMKRVJkL0ErRUNnWUVBM1VNZ3l0NDRQRm5WSWRUSkVVSCs3ZHJUQkFFSEk4YzBpZUVFcy9iL2I2ZTB0OXVVVXNKUApXVjJnMmFSU2lPU01wS2N1UkdqbHpxVFhPK3ltcEdoczVQazRyY3JKbkNVT2hmVFVEWi9kNy9JVitaTzJGUkFnCjZjaGJnM3RIdTVvNllmK3hsWkFBY3BTbDBRYlNSaURjOTJTVW4rOGhyd0lPVmdIemdIRGNndFVDZ1lFQThGcDEKakw1a2NPVGxiSU0rSS9HUTZ6TG5tYnVhRUVuaEJOOUN4alJJWFh2QVp5L3NGSENkMmF1WE95bHhwY2V1WWFGbwpWRk4wTFk2SHJiWkJGNEYyMXBlb2s5Z3dyMWowMlFmSFo5NG00ZDhJY2o1blJVZENiN2RsRTJQNjVwRHFaM1o2CkNhelBXaWw5UEhXdHdmK0NVRHg1ZXZlbWNORFdIcGdGYWRHaVY0TUNnWUJpWGdXbUswVTFEM3NCbjJnRWxDS1IKL0ViejhNRUwxdlEwbUNWUEhQQlM0Mndra1NwUDRMTUdOK25hMklNWStRTE44TVZSQkpHbVhRS1RVWktFWlNpRQpZNGdmTzVpR0lyTmlPb1pMeUZjUzViMS9SM3did1IvZ3o0SmY0ZDd5T0k3Y0lxRUFyUlNGM0RBYnpieU9FTzRyCnpqdUZIdnNLb3c5Y2pXR0VLS2pnUVFLQmdRQ2NHOFRab3hlTms3M0hXdjdUVGFTNGZwbWFhaFRJbTVPQkhKazgKTHQwSmlzVU93RHR2a3kyVElUWGFnVEtGWUVwTXN3OFdKaFlCT04rNjNmTXRGek5lY2FaV1VFWmV2VUphYkFrQgoxM0lkcGtUUUh1UG9SVDVMWFN4VENjNytUZ1ZSS2N4ZDJGWGMwN0c1d1IwWU1hSXNCdnRIK08ycnZKZzF5cnRKClhaVTVqUUtCZ0E1RmhRQk9FZllKTXdpczA2NGVMYmJWTEN3RGNNbk13b0ZiOW5qbUVaeEVkbC9LTmI5dmRoeVMKYWRiRi81K3NsalNWU3ZxYVpyRmJXNUlYWW5DMkZwaW5RdE5MOFRpODNyMnJnMlB0QmdOZ1pxeDlBWWJlN0dySgpWT0hZNnBBNGsvOU5WOXI2KzlxK3p2d24zb3hob2U0OFdlb3kva2MyT3N1MzR4VUViS0hnCi0tLS0tRU5EIFJTQSBQUklWQVRFIEtFWS0tLS0tCg==",
              "cluster_cert": "LS0tLS1CRUdJTiBDRVJUSUZJQ0FURS0tLS0tCk1JSUR2VENDQXFXZ0F3SUJBZ0lJQVBURTFaSUFBTUF3RFFZSktvWklodmNOQVFFTEJRQXdRREVSTUE4R0ExVUUKQ2hNSWFHRnVaM3BvYjNVeEZqQVVCZ05WQkFzVERXRnNhV0poWW1FZ1kyeHZkV1F4RXpBUkJnTlZCQU1UQ210MQpZbVZ5Ym1WMFpYTXdJQmNOTWpVd016RXlNRFkxT0RBd1doZ1BNakExTlRBek1EVXdOekF6TWpSYU1FQXhFVEFQCkJnTlZCQW9UQ0doaGJtZDZhRzkxTVJZd0ZBWURWUVFMRXcxaGJHbGlZV0poSUdOc2IzVmtNUk13RVFZRFZRUUQKRXdwcmRXSmxjbTVsZEdWek1JSUJJakFOQmdrcWhraUc5dzBCQVFFRkFBT0NBUThBTUlJQkNnS0NBUUVBbXlYNwovcjZtRFBXenlWejVqR1I4ank1TlJBdHExR3FkeVp1QlRycFZZaTZmVnVIaEgwTHdFUFZDaHpGdHVjZEJteUJ4CnJJT0l2a2FTZytlZTBTWE1RQXp3VEJHRDdQZ3VTY1BJTTZsZG5tNi9tWm9Ma2Q5Q3dWeVI4STZnZkZPQjRULzkKeG1NeGQzdFNKZTlQQ0lobE1MTGgzeU1iUm9MNGhsRkNyZUlzUVRiYTNmQVJGZldLTTR5TmNlb3VjczJCVjNuVApaVTJiLzROQ3dnT0l1bDFMQnYwNTJtcE4xWTc5QjRjZWs4YWxsQmlOODZkZEtiMWNmWW9YTWZWR1RGZjlkNEpnClcxbHdsWnRTUXhpa1p0MEJ0ZUZjc01obU5NZm1VakFlcHVzcFRIOVJWRjhHbEVVejQ4dW1GbWd5UVBGcXVicFUKU21DTVNXVWhyZUhTUGZwdXh3SURBUUFCbzRHNE1JRzFNQTRHQTFVZER3RUIvd1FFQXdJQ3JEQVBCZ05WSFJNQgpBZjhFQlRBREFRSC9NQjBHQTFVZERnUVdCQlFFQ2FxbnpFMHVYcmxsa25qSWNrZUR5bGZWQmpBOEJnZ3JCZ0VGCkJRY0JBUVF3TUM0d0xBWUlLd1lCQlFVSE1BR0dJR2gwZEhBNkx5OWpaWEowY3k1aFkzTXVZV3hwZVhWdUxtTnYKYlM5dlkzTndNRFVHQTFVZEh3UXVNQ3d3S3FBb29DYUdKR2gwZEhBNkx5OWpaWEowY3k1aFkzTXVZV3hwZVhWdQpMbU52YlM5eWIyOTBMbU55YkRBTkJna3Foa2lHOXcwQkFRc0ZBQU9DQVFFQWZOS1p5T0J5U0RLYURVL3VxcGVtClhzT1RONUVqUHdKVXA3cDJ0cytpNWZSa25UZzg0RHZQV0hZVS9ocXoyUlUxdTBYaVZWMDNnRTFHbGZxUm1QdEIKcDFPWnp4MkhwVTNCN1hiLzlIR3dSdng2d3Q5bjQ5b2dVdHdIOEUveGMzZHdwM2NSWnA0WUlxSEFScmUzVzF6YwpLU3VKRStYN2h6SmtPQzdxTmdXS2tQeHZHdmpyM1BwWktUbVI2bXR6UkhUamw4UmRTQVVTcDlKN0paWWE0eGU4CkFxYjVUTCtUL3BsSEk1VWw2QitDaWpNdXhKLytGWGtNOXpDTTRlc2RqOGhCeGZVQkNvaUFrWW9RSzUrWEdLa1YKODl3cGNPRGRoOFpJOXhpOUFtd3ZFczhmOTZGSFluZmJXTUVhRUtzL2x5bmFqUGFrZnhPK0hGM0g3cEdPd3k1Ugp3UT09Ci0tLS0tRU5EIENFUlRJRklDQVRFLS0tLS0K"
            },
            "client_cert": null,
            "client_key": null,
            "cluster_ca_cert": null,
            "cluster_domain": "cluster.local",
            "cluster_network_type": null,
            "cluster_spec": "ack.pro.small",
            "connections": {
              "api_server_internet": "",
              "api_server_intranet": "https://192.168.1.180:6443",
              "service_domain": "*.c8dfa6989338c443fbc96ba6360ae383d.me-central-1.alicontainer.com"
            },
            "control_plane_log_components": [
              "apiserver",
              "kcm",
              "scheduler",
              "ccm"
            ],
            "control_plane_log_project": "k8s-log-c8dfa6989338c443fbc96ba6360ae383d",
            "control_plane_log_ttl": "30",
            "cpu_policy": null,
            "custom_san": null,
            "delete_options": [],
            "deletion_protection": false,
            "enable_rrsa": true,
            "enable_ssh": null,
            "encryption_provider_key": null,
            "exclude_autoscaler_nodes": null,
            "force_update": null,
            "id": "c8dfa6989338c443fbc96ba6360ae383d",
            "image_id": null,
            "install_cloud_monitor": null,
            "ip_stack": "ipv4",
            "is_enterprise_security_group": null,
            "key_name": null,
            "kms_encrypted_password": null,
            "kms_encryption_context": null,
            "kube_config": null,
            "load_balancer_spec": null,
            "log_config": [],
            "maintenance_window": [
              {
                "duration": "",
                "enable": false,
                "maintenance_time": "",
                "weekly_period": ""
              }
            ],
            "name": "RTF-ACK-dev",
            "name_prefix": "Terraform-Creation",
            "nat_gateway_id": "ngw-l4vtiyk9us5qf1v8i2kjl",
            "new_nat_gateway": true,
            "node_cidr_mask": 24,
            "node_name_mode": null,
            "node_port_range": null,
            "operation_policy": [],
            "os_type": null,
            "password": null,
            "platform": null,
            "pod_cidr": "",
            "pod_vswitch_ids": [
              "vsw-l4vl4zc58jh8t5ue8l3mo",
              "vsw-l4v842bay80ikpm0659jz"
            ],
            "proxy_mode": "ipvs",
            "rds_instances": null,
            "resource_group_id": "rg-aek4hmx3bg3zgta",
            "retain_resources": null,
            "rrsa_metadata": [
              {
                "enabled": true,
                "ram_oidc_provider_arn": "acs:ram::5953738050709050:oidc-provider/ack-rrsa-c8dfa6989338c443fbc96ba6360ae383d",
                "ram_oidc_provider_name": "ack-rrsa-c8dfa6989338c443fbc96ba6360ae383d",
                "rrsa_oidc_issuer_url": "https://oidc-ack-me-central-1.oss-me-central-1.aliyuncs.com/c8dfa6989338c443fbc96ba6360ae383d"
              }
            ],
            "runtime": null,
            "security_group_id": "sg-l4vgn2be895qgjlg8zcl",
            "service_account_issuer": null,
            "service_cidr": "10.11.0.0/16",
            "slb_id": "lb-l4v14z0dh6zfsn61k54cm",
            "slb_internet": "",
            "slb_internet_enabled": false,
            "slb_intranet": "192.168.1.180",
            "tags": {},
            "taints": [],
            "timeouts": null,
            "timezone": null,
            "user_ca": null,
            "user_data": null,
            "version": "1.32.1-aliyun.1",
            "vpc_id": "vpc-l4vfx2waxwnjtulo57dje",
            "vswitch_ids": [
              "vsw-l4ve6ndiuc6kijvdq70o8",
              "vsw-l4v3hqe1kj2i940kjm825"
            ],
            "worker_auto_renew": null,
            "worker_auto_renew_period": null,
            "worker_data_disk_category": null,
            "worker_data_disk_size": null,
            "worker_data_disks": [],
            "worker_disk_category": null,
            "worker_disk_performance_level": null,
            "worker_disk_size": null,
            "worker_disk_snapshot_policy_id": null,
            "worker_instance_charge_type": null,
            "worker_instance_type": null,
            "worker_instance_types": null,
            "worker_nodes": [],
            "worker_number": null,
            "worker_numbers": null,
            "worker_period": null,
            "worker_period_unit": null,
            "worker_ram_role_name": "KubernetesWorkerRole-26f7e4e4-8779-4ae3-95bc-6076a3201fd1",
            "worker_vswitch_ids": []
          },
          "sensitive_attributes": [
            [
              {
                "type": "get_attr",
                "value": "password"
              }
            ]
          ],
          "private": "eyJlMmJmYjczMC1lY2FhLTExZTYtOGY4OC0zNDM2M2JjN2M0YzAiOnsiY3JlYXRlIjo1NDAwMDAwMDAwMDAwLCJkZWxldGUiOjM2MDAwMDAwMDAwMDAsInVwZGF0ZSI6MzYwMDAwMDAwMDAwMH19",
          "dependencies": [
            "alicloud_security_group.ack_security_group",
            "alicloud_vswitch.terway_vswitches"
          ]
        }
      ]
    },
    {
      "mode": "managed",
      "type": "alicloud_security_group",
      "name": "ack_security_group",
      "provider": "provider[\"registry.terraform.io/hashicorp/alicloud\"]",
      "instances": [
        {
          "schema_version": 0,
          "attributes": {
            "create_time": "2025-03-12T07:03:01Z",
            "description": "Security group for ACK managed cluster",
            "id": "sg-l4vgn2be895qgjlg8zcl",
            "inner_access": true,
            "inner_access_policy": "Accept",
            "name": "ack-cluster-sg-dev",
            "resource_group_id": "",
            "security_group_name": "ack-cluster-sg-dev",
            "security_group_type": "normal",
            "tags": {},
            "timeouts": null,
            "vpc_id": "vpc-l4vfx2waxwnjtulo57dje"
          },
          "sensitive_attributes": [],
          "private": "eyJlMmJmYjczMC1lY2FhLTExZTYtOGY4OC0zNDM2M2JjN2M0YzAiOnsiY3JlYXRlIjozMDAwMDAwMDAwMDAsImRlbGV0ZSI6NjAwMDAwMDAwMDAwLCJ1cGRhdGUiOjMwMDAwMDAwMDAwMH19"
        }
      ]
    },
    {
      "mode": "managed",
      "type": "alicloud_vswitch",
      "name": "terway_vswitches",
      "provider": "provider[\"registry.terraform.io/hashicorp/alicloud\"]",
      "instances": [
        {
          "index_key": 0,
          "schema_version": 0,
          "attributes": {
            "availability_zone": "me-central-1a",
            "cidr_block": "192.168.3.0/24",
            "create_time": "2025-03-12T07:03:07Z",
            "description": "",
            "enable_ipv6": null,
            "id": "vsw-l4vl4zc58jh8t5ue8l3mo",
            "ipv6_cidr_block": "",
            "ipv6_cidr_block_mask": null,
            "is_default": null,
            "name": "",
            "status": "Available",
            "tags": {},
            "timeouts": null,
            "vpc_id": "vpc-l4vfx2waxwnjtulo57dje",
            "vswitch_name": "",
            "zone_id": "me-central-1a"
          },
          "sensitive_attributes": [],
          "private": "eyJlMmJmYjczMC1lY2FhLTExZTYtOGY4OC0zNDM2M2JjN2M0YzAiOnsiY3JlYXRlIjozMDAwMDAwMDAwMDAsImRlbGV0ZSI6NjAwMDAwMDAwMDAwLCJ1cGRhdGUiOjMwMDAwMDAwMDAwMH19"
        },
        {
          "index_key": 1,
          "schema_version": 0,
          "attributes": {
            "availability_zone": "me-central-1b",
            "cidr_block": "192.168.4.0/24",
            "create_time": "2025-03-12T07:03:01Z",
            "description": "",
            "enable_ipv6": null,
            "id": "vsw-l4v842bay80ikpm0659jz",
            "ipv6_cidr_block": "",
            "ipv6_cidr_block_mask": null,
            "is_default": null,
            "name": "",
            "status": "Available",
            "tags": {},
            "timeouts": null,
            "vpc_id": "vpc-l4vfx2waxwnjtulo57dje",
            "vswitch_name": "",
            "zone_id": "me-central-1b"
          },
          "sensitive_attributes": [],
          "private": "eyJlMmJmYjczMC1lY2FhLTExZTYtOGY4OC0zNDM2M2JjN2M0YzAiOnsiY3JlYXRlIjozMDAwMDAwMDAwMDAsImRlbGV0ZSI6NjAwMDAwMDAwMDAwLCJ1cGRhdGUiOjMwMDAwMDAwMDAwMH19"
        }
      ]
    }
  ],
  "check_results": null
}
